
Microsoft Visual Studio Solution File, Format Version 12.00
# Visual Studio 15
Project("{FAE04EC0-301F-11D3-BF4B-00C04F79EFBC}") = "Assembly-CSharp", "Assembly-CSharp.csproj", "{88AB25D6-BAF2-E49E-EBFC-C357ADD66235}"
EndProject
Project("{FAE04EC0-301F-11D3-BF4B-00C04F79EFBC}") = "Assembly-CSharp-Editor", "Assembly-CSharp-Editor.csproj", "{19E72AD3-F37F-EDD1-8581-1AD3F737050A}"
EndProject
Global
	GlobalSection(SolutionConfigurationPlatforms) = preSolution
		Debug|Any CPU = Debug|Any CPU
		Release|Any CPU = Release|Any CPU
	EndGlobalSection
	GlobalSection(ProjectConfigurationPlatforms) = postSolution
		{88AB25D6-BAF2-E49E-EBFC-C357ADD66235}.Debug|Any CPU.ActiveCfg = Debug|Any CPU
		{88AB25D6-BAF2-E49E-EBFC-C357ADD66235}.Debug|Any CPU.Build.0 = Debug|Any CPU
		{88AB25D6-BAF2-E49E-EBFC-C357ADD66235}.Release|Any CPU.ActiveCfg = Release|Any CPU
		{88AB25D6-BAF2-E49E-EBFC-C357ADD66235}.Release|Any CPU.Build.0 = Release|Any CPU
		{19E72AD3-F37F-EDD1-8581-1AD3F737050A}.Debug|Any CPU.ActiveCfg = Debug|Any CPU
		{19E72AD3-F37F-EDD1-8581-1AD3F737050A}.Debug|Any CPU.Build.0 = Debug|Any CPU
		{19E72AD3-F37F-EDD1-8581-1AD3F737050A}.Release|Any CPU.ActiveCfg = Release|Any CPU
		{19E72AD3-F37F-EDD1-8581-1AD3F737050A}.Release|Any CPU.Build.0 = Release|Any CPU
	EndGlobalSection
	GlobalSection(SolutionProperties) = preSolution
		HideSolutionNode = FALSE
	EndGlobalSection
EndGlobal
